
Microsoft Visual Studio Solution File, Format Version 12.00
# Visual Studio Version 16
VisualStudioVersion = 16.0.29613.14
MinimumVisualStudioVersion = 10.0.40219.1
Project("{9A19103F-16F7-4668-BE54-9A1E7A4F7556}") = "SingleResponsibility_Before", "SingleResponsibility_Before\SingleResponsibility_Before.csproj", "{339D7C19-B572-4462-80F7-0AF498D6CC60}"
EndProject
Project("{FAE04EC0-301F-11D3-BF4B-00C04F79EFBC}") = "SingleResponsibility.Tests", "SingleResponsibility.Tests\SingleResponsibility.Tests.csproj", "{3385467B-D6E2-4868-9476-AFCA4EF64E32}"
EndProject
Global
	GlobalSection(SolutionConfigurationPlatforms) = preSolution
		Debug|Any CPU = Debug|Any CPU
		Release|Any CPU = Release|Any CPU
	EndGlobalSection
	GlobalSection(ProjectConfigurationPlatforms) = postSolution
		{339D7C19-B572-4462-80F7-0AF498D6CC60}.Debug|Any CPU.ActiveCfg = Debug|Any CPU
		{339D7C19-B572-4462-80F7-0AF498D6CC60}.Debug|Any CPU.Build.0 = Debug|Any CPU
		{339D7C19-B572-4462-80F7-0AF498D6CC60}.Release|Any CPU.ActiveCfg = Release|Any CPU
		{339D7C19-B572-4462-80F7-0AF498D6CC60}.Release|Any CPU.Build.0 = Release|Any CPU
		{3385467B-D6E2-4868-9476-AFCA4EF64E32}.Debug|Any CPU.ActiveCfg = Debug|Any CPU
		{3385467B-D6E2-4868-9476-AFCA4EF64E32}.Debug|Any CPU.Build.0 = Debug|Any CPU
		{3385467B-D6E2-4868-9476-AFCA4EF64E32}.Release|Any CPU.ActiveCfg = Release|Any CPU
		{3385467B-D6E2-4868-9476-AFCA4EF64E32}.Release|Any CPU.Build.0 = Release|Any CPU
	EndGlobalSection
	GlobalSection(SolutionProperties) = preSolution
		HideSolutionNode = FALSE
	EndGlobalSection
	GlobalSection(ExtensibilityGlobals) = postSolution
		SolutionGuid = {FD7BDF46-17FF-43F2-B8AA-21FC3386955C}
	EndGlobalSection
EndGlobal
